
Microsoft Visual Studio Solution File, Format Version 12.00
# Visual Studio Version 17
VisualStudioVersion = 17.12.35527.113 d17.12
MinimumVisualStudioVersion = 10.0.40219.1
Project("{FAE04EC0-301F-11D3-BF4B-00C04F79EFBC}") = "Stock Control", "Stock Control.csproj", "{D496E6EB-83DF-48F8-AC40-DE87E485F21A}"
EndProject
Global
	GlobalSection(SolutionConfigurationPlatforms) = preSolution
		Debug|Any CPU = Debug|Any CPU
		Release|Any CPU = Release|Any CPU
	EndGlobalSection
	GlobalSection(ProjectConfigurationPlatforms) = postSolution
		{D496E6EB-83DF-48F8-AC40-DE87E485F21A}.Debug|Any CPU.ActiveCfg = Debug|Any CPU
		{D496E6EB-83DF-48F8-AC40-DE87E485F21A}.Debug|Any CPU.Build.0 = Debug|Any CPU
		{D496E6EB-83DF-48F8-AC40-DE87E485F21A}.Release|Any CPU.ActiveCfg = Release|Any CPU
		{D496E6EB-83DF-48F8-AC40-DE87E485F21A}.Release|Any CPU.Build.0 = Release|Any CPU
	EndGlobalSection
	GlobalSection(SolutionProperties) = preSolution
		HideSolutionNode = FALSE
	EndGlobalSection
EndGlobal
